// !$*UTF8*$!
{
	archiveVersion = 1;
	classes = {
	};
	objectVersion = 56;
	objects = {

/* Begin PBXBuildFile section */
		16DB6D932B2B76CF00257D77 /* RUMS_2115_View.swift in Sources */ = {isa = PBXBuildFile; fileRef = 16DB6D922B2B76CF00257D77 /* RUMS_2115_View.swift */; };
		16DB6D952B2B7DF800257D77 /* RUMS_2115_Error_View.swift in Sources */ = {isa = PBXBuildFile; fileRef = 16DB6D942B2B7DF800257D77 /* RUMS_2115_Error_View.swift */; };
		16F8342B2B1E27F900254E23 /* TestingAppApp.swift in Sources */ = {isa = PBXBuildFile; fileRef = 16F8342A2B1E27F900254E23 /* TestingAppApp.swift */; };
		16F8342D2B1E27F900254E23 /* ContentView.swift in Sources */ = {isa = PBXBuildFile; fileRef = 16F8342C2B1E27F900254E23 /* ContentView.swift */; };
		16F8342F2B1E27FB00254E23 /* Assets.xcassets in Resources */ = {isa = PBXBuildFile; fileRef = 16F8342E2B1E27FB00254E23 /* Assets.xcassets */; };
		16F834322B1E27FB00254E23 /* Preview Assets.xcassets in Resources */ = {isa = PBXBuildFile; fileRef = 16F834312B1E27FB00254E23 /* Preview Assets.xcassets */; };
		16F8343A2B1E287200254E23 /* LocationManager.swift in Sources */ = {isa = PBXBuildFile; fileRef = 16F834392B1E287200254E23 /* LocationManager.swift */; };
		16F8343D2B1E2AA100254E23 /* WelomeView.swift in Sources */ = {isa = PBXBuildFile; fileRef = 16F8343C2B1E2AA100254E23 /* WelomeView.swift */; };
		16F8343F2B1E3E4900254E23 /* LoadingView.swift in Sources */ = {isa = PBXBuildFile; fileRef = 16F8343E2B1E3E4900254E23 /* LoadingView.swift */; };
		16F834412B1E43F500254E23 /* WeatherManager.swift in Sources */ = {isa = PBXBuildFile; fileRef = 16F834402B1E43F500254E23 /* WeatherManager.swift */; };
		16F834432B1E530C00254E23 /* WeatherView.swift in Sources */ = {isa = PBXBuildFile; fileRef = 16F834422B1E530C00254E23 /* WeatherView.swift */; };
		16F834452B1E536400254E23 /* ModelData.swift in Sources */ = {isa = PBXBuildFile; fileRef = 16F834442B1E536400254E23 /* ModelData.swift */; };
		16F834492B1E548700254E23 /* Extensions.swift in Sources */ = {isa = PBXBuildFile; fileRef = 16F834482B1E548700254E23 /* Extensions.swift */; };
		16F8344B2B1E561900254E23 /* weatherData.json in Resources */ = {isa = PBXBuildFile; fileRef = 16F8344A2B1E561900254E23 /* weatherData.json */; };
		16F8344E2B1E5EB900254E23 /* WeatherRow.swift in Sources */ = {isa = PBXBuildFile; fileRef = 16F8344D2B1E5EB900254E23 /* WeatherRow.swift */; };
		16F834552B1E65D600254E23 /* DatadogCore in Frameworks */ = {isa = PBXBuildFile; productRef = 16F834542B1E65D600254E23 /* DatadogCore */; };
		16F834572B1E65D600254E23 /* DatadogCrashReporting in Frameworks */ = {isa = PBXBuildFile; productRef = 16F834562B1E65D600254E23 /* DatadogCrashReporting */; };
		16F834592B1E65D600254E23 /* DatadogLogs in Frameworks */ = {isa = PBXBuildFile; productRef = 16F834582B1E65D600254E23 /* DatadogLogs */; };
		16F8345D2B1E65D600254E23 /* DatadogRUM in Frameworks */ = {isa = PBXBuildFile; productRef = 16F8345C2B1E65D600254E23 /* DatadogRUM */; };
		16F8345F2B1E65D600254E23 /* DatadogSessionReplay in Frameworks */ = {isa = PBXBuildFile; productRef = 16F8345E2B1E65D600254E23 /* DatadogSessionReplay */; };
		16F834612B1E65D600254E23 /* DatadogTrace in Frameworks */ = {isa = PBXBuildFile; productRef = 16F834602B1E65D600254E23 /* DatadogTrace */; };
		16F834632B1E65D600254E23 /* DatadogWebViewTracking in Frameworks */ = {isa = PBXBuildFile; productRef = 16F834622B1E65D600254E23 /* DatadogWebViewTracking */; };
/* End PBXBuildFile section */

/* Begin PBXFileReference section */
		16DB6D922B2B76CF00257D77 /* RUMS_2115_View.swift */ = {isa = PBXFileReference; lastKnownFileType = sourcecode.swift; path = RUMS_2115_View.swift; sourceTree = "<group>"; };
		16DB6D942B2B7DF800257D77 /* RUMS_2115_Error_View.swift */ = {isa = PBXFileReference; lastKnownFileType = sourcecode.swift; path = RUMS_2115_Error_View.swift; sourceTree = "<group>"; };
		16F834272B1E27F900254E23 /* TestingApp.app */ = {isa = PBXFileReference; explicitFileType = wrapper.application; includeInIndex = 0; path = TestingApp.app; sourceTree = BUILT_PRODUCTS_DIR; };
		16F8342A2B1E27F900254E23 /* TestingAppApp.swift */ = {isa = PBXFileReference; lastKnownFileType = sourcecode.swift; path = TestingAppApp.swift; sourceTree = "<group>"; };
		16F8342C2B1E27F900254E23 /* ContentView.swift */ = {isa = PBXFileReference; lastKnownFileType = sourcecode.swift; path = ContentView.swift; sourceTree = "<group>"; };
		16F8342E2B1E27FB00254E23 /* Assets.xcassets */ = {isa = PBXFileReference; lastKnownFileType = folder.assetcatalog; path = Assets.xcassets; sourceTree = "<group>"; };
		16F834312B1E27FB00254E23 /* Preview Assets.xcassets */ = {isa = PBXFileReference; lastKnownFileType = folder.assetcatalog; path = "Preview Assets.xcassets"; sourceTree = "<group>"; };
		16F834392B1E287200254E23 /* LocationManager.swift */ = {isa = PBXFileReference; lastKnownFileType = sourcecode.swift; path = LocationManager.swift; sourceTree = "<group>"; };
		16F8343C2B1E2AA100254E23 /* WelomeView.swift */ = {isa = PBXFileReference; lastKnownFileType = sourcecode.swift; path = WelomeView.swift; sourceTree = "<group>"; };
		16F8343E2B1E3E4900254E23 /* LoadingView.swift */ = {isa = PBXFileReference; lastKnownFileType = sourcecode.swift; path = LoadingView.swift; sourceTree = "<group>"; };
		16F834402B1E43F500254E23 /* WeatherManager.swift */ = {isa = PBXFileReference; lastKnownFileType = sourcecode.swift; path = WeatherManager.swift; sourceTree = "<group>"; };
		16F834422B1E530C00254E23 /* WeatherView.swift */ = {isa = PBXFileReference; lastKnownFileType = sourcecode.swift; path = WeatherView.swift; sourceTree = "<group>"; };
		16F834442B1E536400254E23 /* ModelData.swift */ = {isa = PBXFileReference; lastKnownFileType = sourcecode.swift; path = ModelData.swift; sourceTree = "<group>"; };
		16F834482B1E548700254E23 /* Extensions.swift */ = {isa = PBXFileReference; lastKnownFileType = sourcecode.swift; path = Extensions.swift; sourceTree = "<group>"; };
		16F8344A2B1E561900254E23 /* weatherData.json */ = {isa = PBXFileReference; lastKnownFileType = text.json; path = weatherData.json; sourceTree = "<group>"; };
		16F8344D2B1E5EB900254E23 /* WeatherRow.swift */ = {isa = PBXFileReference; lastKnownFileType = sourcecode.swift; path = WeatherRow.swift; sourceTree = "<group>"; };
		AC939F02D7E1CE3FA023BD8D /* Pods_TestingApp.framework */ = {isa = PBXFileReference; explicitFileType = wrapper.framework; includeInIndex = 0; path = Pods_TestingApp.framework; sourceTree = BUILT_PRODUCTS_DIR; };
/* End PBXFileReference section */

/* Begin PBXFrameworksBuildPhase section */
		16F834242B1E27F900254E23 /* Frameworks */ = {
			isa = PBXFrameworksBuildPhase;
			buildActionMask = 2147483647;
			files = (
				16F834632B1E65D600254E23 /* DatadogWebViewTracking in Frameworks */,
				16F834592B1E65D600254E23 /* DatadogLogs in Frameworks */,
				16F834572B1E65D600254E23 /* DatadogCrashReporting in Frameworks */,
				16F8345F2B1E65D600254E23 /* DatadogSessionReplay in Frameworks */,
				16F834552B1E65D600254E23 /* DatadogCore in Frameworks */,
				16F8345D2B1E65D600254E23 /* DatadogRUM in Frameworks */,
				16F834612B1E65D600254E23 /* DatadogTrace in Frameworks */,
			);
			runOnlyForDeploymentPostprocessing = 0;
		};
/* End PBXFrameworksBuildPhase section */

/* Begin PBXGroup section */
		0231402D2ED17F979535B147 /* Frameworks */ = {
			isa = PBXGroup;
			children = (
				AC939F02D7E1CE3FA023BD8D /* Pods_TestingApp.framework */,
			);
			name = Frameworks;
			sourceTree = "<group>";
		};
		16F8341E2B1E27F900254E23 = {
			isa = PBXGroup;
			children = (
				16F834292B1E27F900254E23 /* TestingApp */,
				16F834282B1E27F900254E23 /* Products */,
				0231402D2ED17F979535B147 /* Frameworks */,
			);
			sourceTree = "<group>";
		};
		16F834282B1E27F900254E23 /* Products */ = {
			isa = PBXGroup;
			children = (
				16F834272B1E27F900254E23 /* TestingApp.app */,
			);
			name = Products;
			sourceTree = "<group>";
		};
		16F834292B1E27F900254E23 /* TestingApp */ = {
			isa = PBXGroup;
			children = (
				16F8344C2B1E5E9700254E23 /* Components */,
				16F8343B2B1E2A5900254E23 /* Views */,
				16F834382B1E285800254E23 /* Managers */,
				16F8342A2B1E27F900254E23 /* TestingAppApp.swift */,
				16F8342E2B1E27FB00254E23 /* Assets.xcassets */,
				16F834302B1E27FB00254E23 /* Preview Content */,
				16F834482B1E548700254E23 /* Extensions.swift */,
			);
			path = TestingApp;
			sourceTree = "<group>";
		};
		16F834302B1E27FB00254E23 /* Preview Content */ = {
			isa = PBXGroup;
			children = (
				16F834312B1E27FB00254E23 /* Preview Assets.xcassets */,
				16F834442B1E536400254E23 /* ModelData.swift */,
				16F8344A2B1E561900254E23 /* weatherData.json */,
			);
			path = "Preview Content";
			sourceTree = "<group>";
		};
		16F834382B1E285800254E23 /* Managers */ = {
			isa = PBXGroup;
			children = (
				16F834392B1E287200254E23 /* LocationManager.swift */,
				16F834402B1E43F500254E23 /* WeatherManager.swift */,
			);
			path = Managers;
			sourceTree = "<group>";
		};
		16F8343B2B1E2A5900254E23 /* Views */ = {
			isa = PBXGroup;
			children = (
				16F8342C2B1E27F900254E23 /* ContentView.swift */,
				16F8343C2B1E2AA100254E23 /* WelomeView.swift */,
				16F8343E2B1E3E4900254E23 /* LoadingView.swift */,
				16F834422B1E530C00254E23 /* WeatherView.swift */,
				16DB6D922B2B76CF00257D77 /* RUMS_2115_View.swift */,
				16DB6D942B2B7DF800257D77 /* RUMS_2115_Error_View.swift */,
			);
			path = Views;
			sourceTree = "<group>";
		};
		16F8344C2B1E5E9700254E23 /* Components */ = {
			isa = PBXGroup;
			children = (
				16F8344D2B1E5EB900254E23 /* WeatherRow.swift */,
			);
			path = Components;
			sourceTree = "<group>";
		};
/* End PBXGroup section */

/* Begin PBXNativeTarget section */
		16F834262B1E27F900254E23 /* TestingApp */ = {
			isa = PBXNativeTarget;
			buildConfigurationList = 16F834352B1E27FB00254E23 /* Build configuration list for PBXNativeTarget "TestingApp" */;
			buildPhases = (
				16F834232B1E27F900254E23 /* Sources */,
				16F834242B1E27F900254E23 /* Frameworks */,
				16F834252B1E27F900254E23 /* Resources */,
				168F9D562C247E8E00FB916F /* Upload Dsyms to Datadog */,
			);
			buildRules = (
			);
			dependencies = (
			);
			name = TestingApp;
			packageProductDependencies = (
				16F834542B1E65D600254E23 /* DatadogCore */,
				16F834562B1E65D600254E23 /* DatadogCrashReporting */,
				16F834582B1E65D600254E23 /* DatadogLogs */,
				16F8345C2B1E65D600254E23 /* DatadogRUM */,
				16F8345E2B1E65D600254E23 /* DatadogSessionReplay */,
				16F834602B1E65D600254E23 /* DatadogTrace */,
				16F834622B1E65D600254E23 /* DatadogWebViewTracking */,
			);
			productName = TestingApp;
			productReference = 16F834272B1E27F900254E23 /* TestingApp.app */;
			productType = "com.apple.product-type.application";
		};
/* End PBXNativeTarget section */

/* Begin PBXProject section */
		16F8341F2B1E27F900254E23 /* Project object */ = {
			isa = PBXProject;
			attributes = {
				BuildIndependentTargetsInParallel = 1;
				LastSwiftUpdateCheck = 1430;
				LastUpgradeCheck = 1430;
				TargetAttributes = {
					16F834262B1E27F900254E23 = {
						CreatedOnToolsVersion = 14.3.1;
					};
				};
			};
			buildConfigurationList = 16F834222B1E27F900254E23 /* Build configuration list for PBXProject "TestingApp" */;
			compatibilityVersion = "Xcode 14.0";
			developmentRegion = en;
			hasScannedForEncodings = 0;
			knownRegions = (
				en,
				Base,
			);
			mainGroup = 16F8341E2B1E27F900254E23;
			packageReferences = (
				16F834532B1E65D600254E23 /* XCRemoteSwiftPackageReference "dd-sdk-ios" */,
			);
			productRefGroup = 16F834282B1E27F900254E23 /* Products */;
			projectDirPath = "";
			projectRoot = "";
			targets = (
				16F834262B1E27F900254E23 /* TestingApp */,
			);
		};
/* End PBXProject section */

/* Begin PBXResourcesBuildPhase section */
		16F834252B1E27F900254E23 /* Resources */ = {
			isa = PBXResourcesBuildPhase;
			buildActionMask = 2147483647;
			files = (
				16F834322B1E27FB00254E23 /* Preview Assets.xcassets in Resources */,
				16F8342F2B1E27FB00254E23 /* Assets.xcassets in Resources */,
				16F8344B2B1E561900254E23 /* weatherData.json in Resources */,
			);
			runOnlyForDeploymentPostprocessing = 0;
		};
/* End PBXResourcesBuildPhase section */

/* Begin PBXShellScriptBuildPhase section */
		168F9D562C247E8E00FB916F /* Upload Dsyms to Datadog */ = {
			isa = PBXShellScriptBuildPhase;
			buildActionMask = 2147483647;
			files = (
			);
			inputFileListPaths = (
			);
			inputPaths = (
			);
			name = "Upload Dsyms to Datadog";
			outputFileListPaths = (
			);
			outputPaths = (
			);
			runOnlyForDeploymentPostprocessing = 0;
			shellPath = /bin/sh;
			shellScript = "# Type a script or drag a script file from your workspace to insert its path.\n";
		};
/* End PBXShellScriptBuildPhase section */

/* Begin PBXSourcesBuildPhase section */
		16F834232B1E27F900254E23 /* Sources */ = {
			isa = PBXSourcesBuildPhase;
			buildActionMask = 2147483647;
			files = (
				16F834412B1E43F500254E23 /* WeatherManager.swift in Sources */,
				16F834492B1E548700254E23 /* Extensions.swift in Sources */,
				16DB6D932B2B76CF00257D77 /* RUMS_2115_View.swift in Sources */,
				16DB6D952B2B7DF800257D77 /* RUMS_2115_Error_View.swift in Sources */,
				16F8342D2B1E27F900254E23 /* ContentView.swift in Sources */,
				16F8342B2B1E27F900254E23 /* TestingAppApp.swift in Sources */,
				16F8343A2B1E287200254E23 /* LocationManager.swift in Sources */,
				16F8344E2B1E5EB900254E23 /* WeatherRow.swift in Sources */,
				16F8343F2B1E3E4900254E23 /* LoadingView.swift in Sources */,
				16F834452B1E536400254E23 /* ModelData.swift in Sources */,
				16F834432B1E530C00254E23 /* WeatherView.swift in Sources */,
				16F8343D2B1E2AA100254E23 /* WelomeView.swift in Sources */,
			);
			runOnlyForDeploymentPostprocessing = 0;
		};
/* End PBXSourcesBuildPhase section */

/* Begin XCBuildConfiguration section */
		16F834332B1E27FB00254E23 /* Debug */ = {
			isa = XCBuildConfiguration;
			buildSettings = {
				ALWAYS_SEARCH_USER_PATHS = NO;
				CLANG_ANALYZER_NONNULL = YES;
				CLANG_ANALYZER_NUMBER_OBJECT_CONVERSION = YES_AGGRESSIVE;
				CLANG_CXX_LANGUAGE_STANDARD = "gnu++20";
				CLANG_ENABLE_MODULES = YES;
				CLANG_ENABLE_OBJC_ARC = YES;
				CLANG_ENABLE_OBJC_WEAK = YES;
				CLANG_WARN_BLOCK_CAPTURE_AUTORELEASING = YES;
				CLANG_WARN_BOOL_CONVERSION = YES;
				CLANG_WARN_COMMA = YES;
				CLANG_WARN_CONSTANT_CONVERSION = YES;
				CLANG_WARN_DEPRECATED_OBJC_IMPLEMENTATIONS = YES;
				CLANG_WARN_DIRECT_OBJC_ISA_USAGE = YES_ERROR;
				CLANG_WARN_DOCUMENTATION_COMMENTS = YES;
				CLANG_WARN_EMPTY_BODY = YES;
				CLANG_WARN_ENUM_CONVERSION = YES;
				CLANG_WARN_INFINITE_RECURSION = YES;
				CLANG_WARN_INT_CONVERSION = YES;
				CLANG_WARN_NON_LITERAL_NULL_CONVERSION = YES;
				CLANG_WARN_OBJC_IMPLICIT_RETAIN_SELF = YES;
				CLANG_WARN_OBJC_LITERAL_CONVERSION = YES;
				CLANG_WARN_OBJC_ROOT_CLASS = YES_ERROR;
				CLANG_WARN_QUOTED_INCLUDE_IN_FRAMEWORK_HEADER = YES;
				CLANG_WARN_RANGE_LOOP_ANALYSIS = YES;
				CLANG_WARN_STRICT_PROTOTYPES = YES;
				CLANG_WARN_SUSPICIOUS_MOVE = YES;
				CLANG_WARN_UNGUARDED_AVAILABILITY = YES_AGGRESSIVE;
				CLANG_WARN_UNREACHABLE_CODE = YES;
				CLANG_WARN__DUPLICATE_METHOD_MATCH = YES;
				COPY_PHASE_STRIP = NO;
				DEBUG_INFORMATION_FORMAT = dwarf;
				ENABLE_STRICT_OBJC_MSGSEND = YES;
				ENABLE_TESTABILITY = YES;
				GCC_C_LANGUAGE_STANDARD = gnu11;
				GCC_DYNAMIC_NO_PIC = NO;
				GCC_NO_COMMON_BLOCKS = YES;
				GCC_OPTIMIZATION_LEVEL = 0;
				GCC_PREPROCESSOR_DEFINITIONS = (
					"DEBUG=1",
					"$(inherited)",
				);
				GCC_WARN_64_TO_32_BIT_CONVERSION = YES;
				GCC_WARN_ABOUT_RETURN_TYPE = YES_ERROR;
				GCC_WARN_UNDECLARED_SELECTOR = YES;
				GCC_WARN_UNINITIALIZED_AUTOS = YES_AGGRESSIVE;
				GCC_WARN_UNUSED_FUNCTION = YES;
				GCC_WARN_UNUSED_VARIABLE = YES;
				IPHONEOS_DEPLOYMENT_TARGET = 16.4;
				MTL_ENABLE_DEBUG_INFO = INCLUDE_SOURCE;
				MTL_FAST_MATH = YES;
				ONLY_ACTIVE_ARCH = YES;
				SDKROOT = iphoneos;
				SWIFT_ACTIVE_COMPILATION_CONDITIONS = DEBUG;
				SWIFT_OPTIMIZATION_LEVEL = "-Onone";
			};
			name = Debug;
		};
		16F834342B1E27FB00254E23 /* Release */ = {
			isa = XCBuildConfiguration;
			buildSettings = {
				ALWAYS_SEARCH_USER_PATHS = NO;
				CLANG_ANALYZER_NONNULL = YES;
				CLANG_ANALYZER_NUMBER_OBJECT_CONVERSION = YES_AGGRESSIVE;
				CLANG_CXX_LANGUAGE_STANDARD = "gnu++20";
				CLANG_ENABLE_MODULES = YES;
				CLANG_ENABLE_OBJC_ARC = YES;
				CLANG_ENABLE_OBJC_WEAK = YES;
				CLANG_WARN_BLOCK_CAPTURE_AUTORELEASING = YES;
				CLANG_WARN_BOOL_CONVERSION = YES;
				CLANG_WARN_COMMA = YES;
				CLANG_WARN_CONSTANT_CONVERSION = YES;
				CLANG_WARN_DEPRECATED_OBJC_IMPLEMENTATIONS = YES;
				CLANG_WARN_DIRECT_OBJC_ISA_USAGE = YES_ERROR;
				CLANG_WARN_DOCUMENTATION_COMMENTS = YES;
				CLANG_WARN_EMPTY_BODY = YES;
				CLANG_WARN_ENUM_CONVERSION = YES;
				CLANG_WARN_INFINITE_RECURSION = YES;
				CLANG_WARN_INT_CONVERSION = YES;
				CLANG_WARN_NON_LITERAL_NULL_CONVERSION = YES;
				CLANG_WARN_OBJC_IMPLICIT_RETAIN_SELF = YES;
				CLANG_WARN_OBJC_LITERAL_CONVERSION = YES;
				CLANG_WARN_OBJC_ROOT_CLASS = YES_ERROR;
				CLANG_WARN_QUOTED_INCLUDE_IN_FRAMEWORK_HEADER = YES;
				CLANG_WARN_RANGE_LOOP_ANALYSIS = YES;
				CLANG_WARN_STRICT_PROTOTYPES = YES;
				CLANG_WARN_SUSPICIOUS_MOVE = YES;
				CLANG_WARN_UNGUARDED_AVAILABILITY = YES_AGGRESSIVE;
				CLANG_WARN_UNREACHABLE_CODE = YES;
				CLANG_WARN__DUPLICATE_METHOD_MATCH = YES;
				COPY_PHASE_STRIP = NO;
				DEBUG_INFORMATION_FORMAT = "dwarf-with-dsym";
				ENABLE_NS_ASSERTIONS = NO;
				ENABLE_STRICT_OBJC_MSGSEND = YES;
				GCC_C_LANGUAGE_STANDARD = gnu11;
				GCC_NO_COMMON_BLOCKS = YES;
				GCC_WARN_64_TO_32_BIT_CONVERSION = YES;
				GCC_WARN_ABOUT_RETURN_TYPE = YES_ERROR;
				GCC_WARN_UNDECLARED_SELECTOR = YES;
				GCC_WARN_UNINITIALIZED_AUTOS = YES_AGGRESSIVE;
				GCC_WARN_UNUSED_FUNCTION = YES;
				GCC_WARN_UNUSED_VARIABLE = YES;
				IPHONEOS_DEPLOYMENT_TARGET = 16.4;
				MTL_ENABLE_DEBUG_INFO = NO;
				MTL_FAST_MATH = YES;
				SDKROOT = iphoneos;
				SWIFT_COMPILATION_MODE = wholemodule;
				SWIFT_OPTIMIZATION_LEVEL = "-O";
				VALIDATE_PRODUCT = YES;
			};
			name = Release;
		};
		16F834362B1E27FB00254E23 /* Debug */ = {
			isa = XCBuildConfiguration;
			buildSettings = {
				ASSETCATALOG_COMPILER_APPICON_NAME = AppIcon;
				ASSETCATALOG_COMPILER_GLOBAL_ACCENT_COLOR_NAME = AccentColor;
				CODE_SIGN_STYLE = Automatic;
				CURRENT_PROJECT_VERSION = 1;
				DEVELOPMENT_ASSET_PATHS = "\"TestingApp/Preview Content\"";
				ENABLE_PREVIEWS = YES;
				GENERATE_INFOPLIST_FILE = YES;
				INFOPLIST_KEY_UIApplicationSceneManifest_Generation = YES;
				INFOPLIST_KEY_UIApplicationSupportsIndirectInputEvents = YES;
				INFOPLIST_KEY_UILaunchScreen_Generation = YES;
				INFOPLIST_KEY_UISupportedInterfaceOrientations_iPad = "UIInterfaceOrientationPortrait UIInterfaceOrientationPortraitUpsideDown UIInterfaceOrientationLandscapeLeft UIInterfaceOrientationLandscapeRight";
				INFOPLIST_KEY_UISupportedInterfaceOrientations_iPhone = "UIInterfaceOrientationPortrait UIInterfaceOrientationLandscapeLeft UIInterfaceOrientationLandscapeRight";
				LD_RUNPATH_SEARCH_PATHS = (
					"$(inherited)",
					"@executable_path/Frameworks",
				);
				MARKETING_VERSION = 1.0;
				PRODUCT_BUNDLE_IDENTIFIER = io.datadog.TestingApp;
				PRODUCT_NAME = "$(TARGET_NAME)";
				SWIFT_EMIT_LOC_STRINGS = YES;
				SWIFT_VERSION = 5.0;
				TARGETED_DEVICE_FAMILY = "1,2";
			};
			name = Debug;
		};
		16F834372B1E27FB00254E23 /* Release */ = {
			isa = XCBuildConfiguration;
			buildSettings = {
				ASSETCATALOG_COMPILER_APPICON_NAME = AppIcon;
				ASSETCATALOG_COMPILER_GLOBAL_ACCENT_COLOR_NAME = AccentColor;
				CODE_SIGN_STYLE = Automatic;
				CURRENT_PROJECT_VERSION = 1;
				DEVELOPMENT_ASSET_PATHS = "\"TestingApp/Preview Content\"";
				ENABLE_PREVIEWS = YES;
				GENERATE_INFOPLIST_FILE = YES;
				INFOPLIST_KEY_UIApplicationSceneManifest_Generation = YES;
				INFOPLIST_KEY_UIApplicationSupportsIndirectInputEvents = YES;
				INFOPLIST_KEY_UILaunchScreen_Generation = YES;
				INFOPLIST_KEY_UISupportedInterfaceOrientations_iPad = "UIInterfaceOrientationPortrait UIInterfaceOrientationPortraitUpsideDown UIInterfaceOrientationLandscapeLeft UIInterfaceOrientationLandscapeRight";
				INFOPLIST_KEY_UISupportedInterfaceOrientations_iPhone = "UIInterfaceOrientationPortrait UIInterfaceOrientationLandscapeLeft UIInterfaceOrientationLandscapeRight";
				LD_RUNPATH_SEARCH_PATHS = (
					"$(inherited)",
					"@executable_path/Frameworks",
				);
				MARKETING_VERSION = 1.0;
				PRODUCT_BUNDLE_IDENTIFIER = io.datadog.TestingApp;
				PRODUCT_NAME = "$(TARGET_NAME)";
				SWIFT_EMIT_LOC_STRINGS = YES;
				SWIFT_VERSION = 5.0;
				TARGETED_DEVICE_FAMILY = "1,2";
			};
			name = Release;
		};
/* End XCBuildConfiguration section */

/* Begin XCConfigurationList section */
		16F834222B1E27F900254E23 /* Build configuration list for PBXProject "TestingApp" */ = {
			isa = XCConfigurationList;
			buildConfigurations = (
				16F834332B1E27FB00254E23 /* Debug */,
				16F834342B1E27FB00254E23 /* Release */,
			);
			defaultConfigurationIsVisible = 0;
			defaultConfigurationName = Release;
		};
		16F834352B1E27FB00254E23 /* Build configuration list for PBXNativeTarget "TestingApp" */ = {
			isa = XCConfigurationList;
			buildConfigurations = (
				16F834362B1E27FB00254E23 /* Debug */,
				16F834372B1E27FB00254E23 /* Release */,
			);
			defaultConfigurationIsVisible = 0;
			defaultConfigurationName = Release;
		};
/* End XCConfigurationList section */

/* Begin XCRemoteSwiftPackageReference section */
		16F834532B1E65D600254E23 /* XCRemoteSwiftPackageReference "dd-sdk-ios" */ = {
			isa = XCRemoteSwiftPackageReference;
			repositoryURL = "https://github.com/DataDog/dd-sdk-ios.git";
			requirement = {
				kind = upToNextMajorVersion;
				minimumVersion = 2.0.0;
			};
		};
/* End XCRemoteSwiftPackageReference section */

/* Begin XCSwiftPackageProductDependency section */
		16F834542B1E65D600254E23 /* DatadogCore */ = {
			isa = XCSwiftPackageProductDependency;
			package = 16F834532B1E65D600254E23 /* XCRemoteSwiftPackageReference "dd-sdk-ios" */;
			productName = DatadogCore;
		};
		16F834562B1E65D600254E23 /* DatadogCrashReporting */ = {
			isa = XCSwiftPackageProductDependency;
			package = 16F834532B1E65D600254E23 /* XCRemoteSwiftPackageReference "dd-sdk-ios" */;
			productName = DatadogCrashReporting;
		};
		16F834582B1E65D600254E23 /* DatadogLogs */ = {
			isa = XCSwiftPackageProductDependency;
			package = 16F834532B1E65D600254E23 /* XCRemoteSwiftPackageReference "dd-sdk-ios" */;
			productName = DatadogLogs;
		};
		16F8345C2B1E65D600254E23 /* DatadogRUM */ = {
			isa = XCSwiftPackageProductDependency;
			package = 16F834532B1E65D600254E23 /* XCRemoteSwiftPackageReference "dd-sdk-ios" */;
			productName = DatadogRUM;
		};
		16F8345E2B1E65D600254E23 /* DatadogSessionReplay */ = {
			isa = XCSwiftPackageProductDependency;
			package = 16F834532B1E65D600254E23 /* XCRemoteSwiftPackageReference "dd-sdk-ios" */;
			productName = DatadogSessionReplay;
		};
		16F834602B1E65D600254E23 /* DatadogTrace */ = {
			isa = XCSwiftPackageProductDependency;
			package = 16F834532B1E65D600254E23 /* XCRemoteSwiftPackageReference "dd-sdk-ios" */;
			productName = DatadogTrace;
		};
		16F834622B1E65D600254E23 /* DatadogWebViewTracking */ = {
			isa = XCSwiftPackageProductDependency;
			package = 16F834532B1E65D600254E23 /* XCRemoteSwiftPackageReference "dd-sdk-ios" */;
			productName = DatadogWebViewTracking;
		};
/* End XCSwiftPackageProductDependency section */
	};
	rootObject = 16F8341F2B1E27F900254E23 /* Project object */;
}
