{
  "originHash" : "ecc3edec2d3d8492b2aafc6cd36445ca859b5fde20181e9e4a9c7d388015e111",
  "pins" : [
    {
      "identity" : "dd-sdk-ios",
      "kind" : "remoteSourceControl",
      "location" : "https://github.com/DataDog/dd-sdk-ios.git",
      "state" : {
        "revision" : "aa66234cbac49c8df07a2a64f44f656d2412108d",
        "version" : "2.5.0"
      }
    },
    {
      "identity" : "plcrashreporter",
      "kind" : "remoteSourceControl",
      "location" : "https://github.com/microsoft/plcrashreporter.git",
      "state" : {
        "revision" : "1aed8f7dc79ce8e674c61e430ef51ca3db18cea9",
        "version" : "1.11.1"
      }
    }
  ],
  "version" : 3
}
